
Microsoft Visual Studio Solution File, Format Version 12.00
# Visual Studio 2012
Project("{FAE04EC0-301F-11D3-BF4B-00C04F79EFBC}") = "Example - File and Stream IO", "Example - File and Stream IO\Example - File and Stream IO.csproj", "{CC05E338-457A-4F47-AA78-93492E6BDC8F}"
EndProject
Global
	GlobalSection(SolutionConfigurationPlatforms) = preSolution
		Debug|Any CPU = Debug|Any CPU
		Release|Any CPU = Release|Any CPU
	EndGlobalSection
	GlobalSection(ProjectConfigurationPlatforms) = postSolution
		{CC05E338-457A-4F47-AA78-93492E6BDC8F}.Debug|Any CPU.ActiveCfg = Debug|Any CPU
		{CC05E338-457A-4F47-AA78-93492E6BDC8F}.Debug|Any CPU.Build.0 = Debug|Any CPU
		{CC05E338-457A-4F47-AA78-93492E6BDC8F}.Release|Any CPU.ActiveCfg = Release|Any CPU
		{CC05E338-457A-4F47-AA78-93492E6BDC8F}.Release|Any CPU.Build.0 = Release|Any CPU
	EndGlobalSection
	GlobalSection(SolutionProperties) = preSolution
		HideSolutionNode = FALSE
	EndGlobalSection
EndGlobal
