
Microsoft Visual Studio Solution File, Format Version 12.00
# Visual Studio 2012
Project("{FAE04EC0-301F-11D3-BF4B-00C04F79EFBC}") = "Example - OOP Concepts", "Example - OOP Concepts\Example - OOP Concepts.csproj", "{19DDA393-3F92-4281-AB7C-927E99B28E98}"
EndProject
Global
	GlobalSection(SolutionConfigurationPlatforms) = preSolution
		Debug|Any CPU = Debug|Any CPU
		Release|Any CPU = Release|Any CPU
	EndGlobalSection
	GlobalSection(ProjectConfigurationPlatforms) = postSolution
		{19DDA393-3F92-4281-AB7C-927E99B28E98}.Debug|Any CPU.ActiveCfg = Debug|Any CPU
		{19DDA393-3F92-4281-AB7C-927E99B28E98}.Debug|Any CPU.Build.0 = Debug|Any CPU
		{19DDA393-3F92-4281-AB7C-927E99B28E98}.Release|Any CPU.ActiveCfg = Release|Any CPU
		{19DDA393-3F92-4281-AB7C-927E99B28E98}.Release|Any CPU.Build.0 = Release|Any CPU
	EndGlobalSection
	GlobalSection(SolutionProperties) = preSolution
		HideSolutionNode = FALSE
	EndGlobalSection
EndGlobal
